
Microsoft Visual Studio Solution File, Format Version 12.00
# Visual Studio Version 17
VisualStudioVersion = 17.7.34221.43
MinimumVisualStudioVersion = 10.0.40219.1
Project("{9A19103F-16F7-4668-BE54-9A1E7A4F7556}") = "PRUEBA1", "PRUEBA1.csproj", "{30AB5868-75B2-43B7-993F-FA400E62E9F6}"
EndProject
Global
	GlobalSection(SolutionConfigurationPlatforms) = preSolution
		Debug|Any CPU = Debug|Any CPU
		Release|Any CPU = Release|Any CPU
	EndGlobalSection
	GlobalSection(ProjectConfigurationPlatforms) = postSolution
		{30AB5868-75B2-43B7-993F-FA400E62E9F6}.Debug|Any CPU.ActiveCfg = Debug|Any CPU
		{30AB5868-75B2-43B7-993F-FA400E62E9F6}.Debug|Any CPU.Build.0 = Debug|Any CPU
		{30AB5868-75B2-43B7-993F-FA400E62E9F6}.Release|Any CPU.ActiveCfg = Release|Any CPU
		{30AB5868-75B2-43B7-993F-FA400E62E9F6}.Release|Any CPU.Build.0 = Release|Any CPU
	EndGlobalSection
	GlobalSection(SolutionProperties) = preSolution
		HideSolutionNode = FALSE
	EndGlobalSection
	GlobalSection(ExtensibilityGlobals) = postSolution
		SolutionGuid = {E40C9216-E09A-4A7A-9FBB-D304484CB73A}
	EndGlobalSection
EndGlobal
